{
  "name": "MetaHub",
  "lockfileVersion": 2,
  "requires": true,
  "packages": {
    "": {
      "dependencies": {
        "@prisma/client": "^3.6.0"
      },
      "devDependencies": {
        "prisma": "^3.3.0"
      }
    },
    "node_modules/@prisma/client": {
      "version": "3.6.0",
      "resolved": "https://registry.npmjs.org/@prisma/client/-/client-3.6.0.tgz",
      "integrity": "sha512-ycSGY9EZGROtje0iCNsgC5Zqi/ttX2sO7BNMYaLsUMiTlf3F69ZPH+08pRo0hrDfkZzyimXYqeXJlaoYDH1w7A==",
      "hasInstallScript": true,
      "dependencies": {
        "@prisma/engines-version": "3.6.0-24.dc520b92b1ebb2d28dc3161f9f82e875bd35d727"
      },
      "engines": {
        "node": ">=12.6"
      },
      "peerDependencies": {
        "prisma": "*"
      },
      "peerDependenciesMeta": {
        "prisma": {
          "optional": true
        }
      }
    },
    "node_modules/@prisma/engines": {
      "version": "3.3.0-30.33838b0f78f1fe9052cf9a00e9761c9dc097a63c",
      "resolved": "https://registry.npmjs.org/@prisma/engines/-/engines-3.3.0-30.33838b0f78f1fe9052cf9a00e9761c9dc097a63c.tgz",
      "integrity": "sha512-T3nEnRWmoneNZJPd9IBR29G8ZDUjNelA8+cG5y8/lh6vySm6ryWSNxj1s377U9YzFYyZmXiA9vK1iyxMoRff/g==",
      "devOptional": true,
      "hasInstallScript": true
    },
    "node_modules/@prisma/engines-version": {
      "version": "3.6.0-24.dc520b92b1ebb2d28dc3161f9f82e875bd35d727",
      "resolved": "https://registry.npmjs.org/@prisma/engines-version/-/engines-version-3.6.0-24.dc520b92b1ebb2d28dc3161f9f82e875bd35d727.tgz",
      "integrity": "sha512-vtoO2ys6mSfc8ONTWdcYztKN3GBU1tcKBj0aXObyjzSuGwHFcM/pEA0xF+n1W4/0TAJgfoPX2khNEit6g0jtNA=="
    },
    "node_modules/prisma": {
      "version": "3.3.0",
      "resolved": "https://registry.npmjs.org/prisma/-/prisma-3.3.0.tgz",
      "integrity": "sha512-E7C9mXRwZVpcnSeJT533qGHUVrYULsE9ihFvAtQMuxhTXkxoRlMLyo/1ZOyeu9GdXP8DJ7ruLOw06kEs/N3dVg==",
      "devOptional": true,
      "hasInstallScript": true,
      "dependencies": {
        "@prisma/engines": "3.3.0-30.33838b0f78f1fe9052cf9a00e9761c9dc097a63c"
      },
      "bin": {
        "prisma": "build/index.js",
        "prisma2": "build/index.js"
      },
      "engines": {
        "node": ">=12.6"
      }
    }
  },
  "dependencies": {
    "@prisma/client": {
      "version": "3.6.0",
      "resolved": "https://registry.npmjs.org/@prisma/client/-/client-3.6.0.tgz",
      "integrity": "sha512-ycSGY9EZGROtje0iCNsgC5Zqi/ttX2sO7BNMYaLsUMiTlf3F69ZPH+08pRo0hrDfkZzyimXYqeXJlaoYDH1w7A==",
      "requires": {
        "@prisma/engines-version": "3.6.0-24.dc520b92b1ebb2d28dc3161f9f82e875bd35d727"
      }
    },
    "@prisma/engines": {
      "version": "3.3.0-30.33838b0f78f1fe9052cf9a00e9761c9dc097a63c",
      "resolved": "https://registry.npmjs.org/@prisma/engines/-/engines-3.3.0-30.33838b0f78f1fe9052cf9a00e9761c9dc097a63c.tgz",
      "integrity": "sha512-T3nEnRWmoneNZJPd9IBR29G8ZDUjNelA8+cG5y8/lh6vySm6ryWSNxj1s377U9YzFYyZmXiA9vK1iyxMoRff/g==",
      "devOptional": true
    },
    "@prisma/engines-version": {
      "version": "3.6.0-24.dc520b92b1ebb2d28dc3161f9f82e875bd35d727",
      "resolved": "https://registry.npmjs.org/@prisma/engines-version/-/engines-version-3.6.0-24.dc520b92b1ebb2d28dc3161f9f82e875bd35d727.tgz",
      "integrity": "sha512-vtoO2ys6mSfc8ONTWdcYztKN3GBU1tcKBj0aXObyjzSuGwHFcM/pEA0xF+n1W4/0TAJgfoPX2khNEit6g0jtNA=="
    },
    "prisma": {
      "version": "3.3.0",
      "resolved": "https://registry.npmjs.org/prisma/-/prisma-3.3.0.tgz",
      "integrity": "sha512-E7C9mXRwZVpcnSeJT533qGHUVrYULsE9ihFvAtQMuxhTXkxoRlMLyo/1ZOyeu9GdXP8DJ7ruLOw06kEs/N3dVg==",
      "devOptional": true,
      "requires": {
        "@prisma/engines": "3.3.0-30.33838b0f78f1fe9052cf9a00e9761c9dc097a63c"
      }
    }
  }
}
